
Microsoft Visual Studio Solution File, Format Version 12.00
# Visual Studio Version 17
VisualStudioVersion = 17.11.35208.52
MinimumVisualStudioVersion = 10.0.40219.1
Project("{FAE04EC0-301F-11D3-BF4B-00C04F79EFBC}") = "PracticeSite", "PracticeSite\PracticeSite.csproj", "{D6AE3C13-24EA-473A-A450-B957DB5F6603}"
EndProject
Global
	GlobalSection(SolutionConfigurationPlatforms) = preSolution
		Debug|Any CPU = Debug|Any CPU
		Release|Any CPU = Release|Any CPU
	EndGlobalSection
	GlobalSection(ProjectConfigurationPlatforms) = postSolution
		{D6AE3C13-24EA-473A-A450-B957DB5F6603}.Debug|Any CPU.ActiveCfg = Debug|Any CPU
		{D6AE3C13-24EA-473A-A450-B957DB5F6603}.Debug|Any CPU.Build.0 = Debug|Any CPU
		{D6AE3C13-24EA-473A-A450-B957DB5F6603}.Release|Any CPU.ActiveCfg = Release|Any CPU
		{D6AE3C13-24EA-473A-A450-B957DB5F6603}.Release|Any CPU.Build.0 = Release|Any CPU
	EndGlobalSection
	GlobalSection(SolutionProperties) = preSolution
		HideSolutionNode = FALSE
	EndGlobalSection
	GlobalSection(ExtensibilityGlobals) = postSolution
		SolutionGuid = {D4120A55-BB30-47CD-B989-A886EB86C4B8}
	EndGlobalSection
EndGlobal
